
Microsoft Visual Studio Solution File, Format Version 12.00
# Visual Studio Version 17
VisualStudioVersion = 17.11.35312.102
MinimumVisualStudioVersion = 10.0.40219.1
Project("{9A19103F-16F7-4668-BE54-9A1E7A4F7556}") = "Client", "Client\Client.csproj", "{405691EF-1DC4-4EBA-BC07-AF0DAD7DBD17}"
EndProject
Project("{9A19103F-16F7-4668-BE54-9A1E7A4F7556}") = "Server", "Server\Server.csproj", "{202660A8-E46D-4CFF-B7BF-ABBE3293DD30}"
EndProject
Global
	GlobalSection(SolutionConfigurationPlatforms) = preSolution
		Debug|Any CPU = Debug|Any CPU
		Release|Any CPU = Release|Any CPU
	EndGlobalSection
	GlobalSection(ProjectConfigurationPlatforms) = postSolution
		{405691EF-1DC4-4EBA-BC07-AF0DAD7DBD17}.Debug|Any CPU.ActiveCfg = Debug|Any CPU
		{405691EF-1DC4-4EBA-BC07-AF0DAD7DBD17}.Debug|Any CPU.Build.0 = Debug|Any CPU
		{405691EF-1DC4-4EBA-BC07-AF0DAD7DBD17}.Release|Any CPU.ActiveCfg = Release|Any CPU
		{405691EF-1DC4-4EBA-BC07-AF0DAD7DBD17}.Release|Any CPU.Build.0 = Release|Any CPU
		{202660A8-E46D-4CFF-B7BF-ABBE3293DD30}.Debug|Any CPU.ActiveCfg = Debug|Any CPU
		{202660A8-E46D-4CFF-B7BF-ABBE3293DD30}.Debug|Any CPU.Build.0 = Debug|Any CPU
		{202660A8-E46D-4CFF-B7BF-ABBE3293DD30}.Release|Any CPU.ActiveCfg = Release|Any CPU
		{202660A8-E46D-4CFF-B7BF-ABBE3293DD30}.Release|Any CPU.Build.0 = Release|Any CPU
	EndGlobalSection
	GlobalSection(SolutionProperties) = preSolution
		HideSolutionNode = FALSE
	EndGlobalSection
	GlobalSection(ExtensibilityGlobals) = postSolution
		SolutionGuid = {1DA7493C-176F-445D-8968-8299A4409B75}
	EndGlobalSection
EndGlobal
